
Microsoft Visual Studio Solution File, Format Version 12.00
# Visual Studio Version 17
VisualStudioVersion = 17.7.34009.444
MinimumVisualStudioVersion = 10.0.40219.1
Project("{FAE04EC0-301F-11D3-BF4B-00C04F79EFBC}") = "WebApplication3", "WebApplication3\WebApplication3.csproj", "{4320603D-2C8A-4673-826F-0E1AF2741E20}"
EndProject
Global
	GlobalSection(SolutionConfigurationPlatforms) = preSolution
		Debug|Any CPU = Debug|Any CPU
		Release|Any CPU = Release|Any CPU
	EndGlobalSection
	GlobalSection(ProjectConfigurationPlatforms) = postSolution
		{4320603D-2C8A-4673-826F-0E1AF2741E20}.Debug|Any CPU.ActiveCfg = Debug|Any CPU
		{4320603D-2C8A-4673-826F-0E1AF2741E20}.Debug|Any CPU.Build.0 = Debug|Any CPU
		{4320603D-2C8A-4673-826F-0E1AF2741E20}.Release|Any CPU.ActiveCfg = Release|Any CPU
		{4320603D-2C8A-4673-826F-0E1AF2741E20}.Release|Any CPU.Build.0 = Release|Any CPU
	EndGlobalSection
	GlobalSection(SolutionProperties) = preSolution
		HideSolutionNode = FALSE
	EndGlobalSection
	GlobalSection(ExtensibilityGlobals) = postSolution
		SolutionGuid = {24C3932C-4189-4381-9D73-1341331988A5}
	EndGlobalSection
EndGlobal
